
Microsoft Visual Studio Solution File, Format Version 12.00
# Visual Studio Version 17
VisualStudioVersion = 17.14.36310.24 d17.14
MinimumVisualStudioVersion = 10.0.40219.1
Project("{9A19103F-16F7-4668-BE54-9A1E7A4F7556}") = "Shapes", "ClassLibrary\Shapes.csproj", "{5F109354-9686-49F9-95BF-EF434DEFDA53}"
EndProject
Project("{9A19103F-16F7-4668-BE54-9A1E7A4F7556}") = "ClassLibrary.Tests", "ClassLibrary.Tests\ClassLibrary.Tests.csproj", "{1D985F19-CAB1-486B-8C72-FC46076C9552}"
EndProject
Global
	GlobalSection(SolutionConfigurationPlatforms) = preSolution
		Debug|Any CPU = Debug|Any CPU
		Release|Any CPU = Release|Any CPU
	EndGlobalSection
	GlobalSection(ProjectConfigurationPlatforms) = postSolution
		{5F109354-9686-49F9-95BF-EF434DEFDA53}.Debug|Any CPU.ActiveCfg = Debug|Any CPU
		{5F109354-9686-49F9-95BF-EF434DEFDA53}.Debug|Any CPU.Build.0 = Debug|Any CPU
		{5F109354-9686-49F9-95BF-EF434DEFDA53}.Release|Any CPU.ActiveCfg = Release|Any CPU
		{5F109354-9686-49F9-95BF-EF434DEFDA53}.Release|Any CPU.Build.0 = Release|Any CPU
		{1D985F19-CAB1-486B-8C72-FC46076C9552}.Debug|Any CPU.ActiveCfg = Debug|Any CPU
		{1D985F19-CAB1-486B-8C72-FC46076C9552}.Debug|Any CPU.Build.0 = Debug|Any CPU
		{1D985F19-CAB1-486B-8C72-FC46076C9552}.Release|Any CPU.ActiveCfg = Release|Any CPU
		{1D985F19-CAB1-486B-8C72-FC46076C9552}.Release|Any CPU.Build.0 = Release|Any CPU
	EndGlobalSection
	GlobalSection(SolutionProperties) = preSolution
		HideSolutionNode = FALSE
	EndGlobalSection
	GlobalSection(ExtensibilityGlobals) = postSolution
		SolutionGuid = {385060FB-9174-4760-911A-0AA45F02EA61}
	EndGlobalSection
EndGlobal
